
Microsoft Visual Studio Solution File, Format Version 12.00
# Visual Studio Version 17
VisualStudioVersion = 17.4.33213.308
MinimumVisualStudioVersion = 10.0.40219.1
Project("{FAE04EC0-301F-11D3-BF4B-00C04F79EFBC}") = "hon", "hon\hon.csproj", "{0D540D03-3604-4912-B0D7-2B49E59D3A2C}"
EndProject
Global
	GlobalSection(SolutionConfigurationPlatforms) = preSolution
		Debug|Any CPU = Debug|Any CPU
		Release|Any CPU = Release|Any CPU
	EndGlobalSection
	GlobalSection(ProjectConfigurationPlatforms) = postSolution
		{0D540D03-3604-4912-B0D7-2B49E59D3A2C}.Debug|Any CPU.ActiveCfg = Debug|Any CPU
		{0D540D03-3604-4912-B0D7-2B49E59D3A2C}.Debug|Any CPU.Build.0 = Debug|Any CPU
		{0D540D03-3604-4912-B0D7-2B49E59D3A2C}.Release|Any CPU.ActiveCfg = Release|Any CPU
		{0D540D03-3604-4912-B0D7-2B49E59D3A2C}.Release|Any CPU.Build.0 = Release|Any CPU
	EndGlobalSection
	GlobalSection(SolutionProperties) = preSolution
		HideSolutionNode = FALSE
	EndGlobalSection
	GlobalSection(ExtensibilityGlobals) = postSolution
		SolutionGuid = {3AA8382D-C515-4B73-81E1-2B925802DDF2}
	EndGlobalSection
EndGlobal
